#
# This file is autogenerated by pip-compile with Python 3.13
# by the following command:
#
#    pip-compile --extra=dev --extra=vendors --output-file=requirements.lock --strip-extras pyproject.toml
#
alembic==1.18.5
    # via quant-agent (pyproject.toml)
annotated-doc==0.0.4
    # via fastapi
annotated-types==0.7.0
    # via pydantic
anyio==4.14.2
    # via
    #   httpx
    #   starlette
    #   watchfiles
ast-serialize==0.6.0
    # via mypy
beautifulsoup4==4.15.0
    # via yfinance
certifi==2026.6.17
    # via
    #   curl-cffi
    #   httpcore
    #   httpx
    #   requests
cffi==2.1.0
    # via curl-cffi
charset-normalizer==3.4.9
    # via requests
click==8.4.2
    # via uvicorn
coverage==7.15.1
    # via pytest-cov
curl-cffi==0.15.0
    # via yfinance
exchange-calendars==4.13.2
    # via quant-agent (pyproject.toml)
fastapi==0.139.0
    # via quant-agent (pyproject.toml)
greenlet==3.5.3
    # via sqlalchemy
h11==0.16.0
    # via
    #   httpcore
    #   uvicorn
httpcore==1.0.9
    # via httpx
httptools==0.8.0
    # via uvicorn
httpx==0.28.1
    # via quant-agent (pyproject.toml)
idna==3.18
    # via
    #   anyio
    #   httpx
    #   requests
iniconfig==2.3.0
    # via pytest
korean-lunar-calendar==0.4.0
    # via exchange-calendars
librt==0.13.0
    # via mypy
mako==1.3.12
    # via alembic
markdown-it-py==4.2.0
    # via rich
markupsafe==3.0.3
    # via mako
mdurl==0.1.2
    # via markdown-it-py
multitasking==0.0.13
    # via yfinance
mypy==2.3.0
    # via quant-agent (pyproject.toml)
mypy-extensions==1.1.0
    # via mypy
numpy==2.5.1
    # via
    #   exchange-calendars
    #   pandas
    #   yfinance
packaging==26.2
    # via pytest
pandas==3.0.3
    # via
    #   exchange-calendars
    #   quant-agent (pyproject.toml)
    #   yfinance
pathspec==1.1.1
    # via mypy
peewee==4.2.1
    # via yfinance
platformdirs==4.10.0
    # via yfinance
pluggy==1.6.0
    # via
    #   pytest
    #   pytest-cov
protobuf==7.35.1
    # via yfinance
pycparser==3.0
    # via cffi
pydantic==2.13.4
    # via
    #   fastapi
    #   quant-agent (pyproject.toml)
pydantic-core==2.46.4
    # via pydantic
pygments==2.20.0
    # via
    #   pytest
    #   rich
pyluach==2.3.0
    # via exchange-calendars
pytest==9.1.1
    # via
    #   pytest-cov
    #   quant-agent (pyproject.toml)
pytest-cov==7.1.0
    # via quant-agent (pyproject.toml)
python-dateutil==2.9.0.post0
    # via pandas
python-dotenv==1.2.2
    # via uvicorn
pytz==2026.2
    # via yfinance
pyyaml==6.0.3
    # via uvicorn
requests==2.34.2
    # via yfinance
rich==15.0.0
    # via curl-cffi
ruff==0.15.21
    # via quant-agent (pyproject.toml)
six==1.17.0
    # via python-dateutil
soupsieve==2.8.4
    # via beautifulsoup4
sqlalchemy==2.0.51
    # via
    #   alembic
    #   quant-agent (pyproject.toml)
starlette==1.3.1
    # via fastapi
toolz==1.1.0
    # via exchange-calendars
typing-extensions==4.16.0
    # via
    #   alembic
    #   beautifulsoup4
    #   fastapi
    #   mypy
    #   pydantic
    #   pydantic-core
    #   sqlalchemy
    #   typing-inspection
typing-inspection==0.4.2
    # via
    #   fastapi
    #   pydantic
tzdata==2026.3
    # via exchange-calendars
urllib3==2.7.0
    # via requests
uvicorn==0.51.0
    # via quant-agent (pyproject.toml)
uvloop==0.22.1
    # via uvicorn
watchfiles==1.2.0
    # via uvicorn
websockets==16.1
    # via
    #   uvicorn
    #   yfinance
yfinance==1.5.1
    # via quant-agent (pyproject.toml)
